
Microsoft Visual Studio Solution File, Format Version 12.00
# Visual Studio Version 17
VisualStudioVersion = 17.4.33213.308
MinimumVisualStudioVersion = 10.0.40219.1
Project("{2150E333-8FDC-42A3-9474-1A3956D46DE8}") = "GitHub", "GitHub", "{972A494F-FCE3-4BF0-8229-A1D2C56040A6}"
	ProjectSection(SolutionItems) = preProject
		..\.github\workflows\build.yml = ..\.github\workflows\build.yml
	EndProjectSection
EndProject
Project("{9A19103F-16F7-4668-BE54-9A1E7A4F7556}") = "DotNetHelp.Pipelines", "DotNetHelp.Pipelines\DotNetHelp.Pipelines.csproj", "{97C517D2-CF0D-4043-9B2D-9EEB2901FBC5}"
EndProject
Project("{9A19103F-16F7-4668-BE54-9A1E7A4F7556}") = "DotNetHelp.Pipelines.Tests", "DotNetHelp.Pipelines.Tests\DotNetHelp.Pipelines.Tests.csproj", "{B7E60E92-F85D-4541-A21A-CC76EC565B4F}"
EndProject
Global
	GlobalSection(SolutionConfigurationPlatforms) = preSolution
		Debug|Any CPU = Debug|Any CPU
		Release|Any CPU = Release|Any CPU
	EndGlobalSection
	GlobalSection(ProjectConfigurationPlatforms) = postSolution
		{97C517D2-CF0D-4043-9B2D-9EEB2901FBC5}.Debug|Any CPU.ActiveCfg = Debug|Any CPU
		{97C517D2-CF0D-4043-9B2D-9EEB2901FBC5}.Debug|Any CPU.Build.0 = Debug|Any CPU
		{97C517D2-CF0D-4043-9B2D-9EEB2901FBC5}.Release|Any CPU.ActiveCfg = Release|Any CPU
		{97C517D2-CF0D-4043-9B2D-9EEB2901FBC5}.Release|Any CPU.Build.0 = Release|Any CPU
		{B7E60E92-F85D-4541-A21A-CC76EC565B4F}.Debug|Any CPU.ActiveCfg = Debug|Any CPU
		{B7E60E92-F85D-4541-A21A-CC76EC565B4F}.Debug|Any CPU.Build.0 = Debug|Any CPU
		{B7E60E92-F85D-4541-A21A-CC76EC565B4F}.Release|Any CPU.ActiveCfg = Release|Any CPU
		{B7E60E92-F85D-4541-A21A-CC76EC565B4F}.Release|Any CPU.Build.0 = Release|Any CPU
	EndGlobalSection
	GlobalSection(SolutionProperties) = preSolution
		HideSolutionNode = FALSE
	EndGlobalSection
	GlobalSection(ExtensibilityGlobals) = postSolution
		SolutionGuid = {01E81751-ADED-4827-98A1-A2A9D142FD9B}
	EndGlobalSection
EndGlobal
