
Microsoft Visual Studio Solution File, Format Version 12.00
# Visual Studio Version 17
VisualStudioVersion = 17.4.33213.308
MinimumVisualStudioVersion = 10.0.40219.1
Project("{9A19103F-16F7-4668-BE54-9A1E7A4F7556}") = "Pipeline", "Pipeline\Pipeline.csproj", "{FBFF553E-0A00-47B5-9DAC-CFD0530DB91C}"
EndProject
Project("{9A19103F-16F7-4668-BE54-9A1E7A4F7556}") = "Pipeline.Tests", "Pipeline.Tests\Pipeline.Tests.csproj", "{5EEB2E34-A857-4C22-8E6E-6A6834A65203}"
EndProject
Global
	GlobalSection(SolutionConfigurationPlatforms) = preSolution
		Debug|Any CPU = Debug|Any CPU
		Release|Any CPU = Release|Any CPU
	EndGlobalSection
	GlobalSection(ProjectConfigurationPlatforms) = postSolution
		{FBFF553E-0A00-47B5-9DAC-CFD0530DB91C}.Debug|Any CPU.ActiveCfg = Debug|Any CPU
		{FBFF553E-0A00-47B5-9DAC-CFD0530DB91C}.Debug|Any CPU.Build.0 = Debug|Any CPU
		{FBFF553E-0A00-47B5-9DAC-CFD0530DB91C}.Release|Any CPU.ActiveCfg = Release|Any CPU
		{FBFF553E-0A00-47B5-9DAC-CFD0530DB91C}.Release|Any CPU.Build.0 = Release|Any CPU
		{5EEB2E34-A857-4C22-8E6E-6A6834A65203}.Debug|Any CPU.ActiveCfg = Debug|Any CPU
		{5EEB2E34-A857-4C22-8E6E-6A6834A65203}.Debug|Any CPU.Build.0 = Debug|Any CPU
		{5EEB2E34-A857-4C22-8E6E-6A6834A65203}.Release|Any CPU.ActiveCfg = Release|Any CPU
		{5EEB2E34-A857-4C22-8E6E-6A6834A65203}.Release|Any CPU.Build.0 = Release|Any CPU
	EndGlobalSection
	GlobalSection(SolutionProperties) = preSolution
		HideSolutionNode = FALSE
	EndGlobalSection
	GlobalSection(ExtensibilityGlobals) = postSolution
		SolutionGuid = {01E81751-ADED-4827-98A1-A2A9D142FD9B}
	EndGlobalSection
EndGlobal
